
Microsoft Visual Studio Solution File, Format Version 12.00
# Visual Studio Version 16
VisualStudioVersion = 16.0.31613.86
MinimumVisualStudioVersion = 10.0.40219.1
Project("{FAE04EC0-301F-11D3-BF4B-00C04F79EFBC}") = "TaxiBookingAPI", "TaxiBookingAPI.csproj", "{B53D60DB-84E7-4610-98C6-10F45F2DFCDC}"
EndProject
Global
	GlobalSection(SolutionConfigurationPlatforms) = preSolution
		Debug|Any CPU = Debug|Any CPU
		Release|Any CPU = Release|Any CPU
	EndGlobalSection
	GlobalSection(ProjectConfigurationPlatforms) = postSolution
		{B53D60DB-84E7-4610-98C6-10F45F2DFCDC}.Debug|Any CPU.ActiveCfg = Debug|Any CPU
		{B53D60DB-84E7-4610-98C6-10F45F2DFCDC}.Debug|Any CPU.Build.0 = Debug|Any CPU
		{B53D60DB-84E7-4610-98C6-10F45F2DFCDC}.Release|Any CPU.ActiveCfg = Release|Any CPU
		{B53D60DB-84E7-4610-98C6-10F45F2DFCDC}.Release|Any CPU.Build.0 = Release|Any CPU
	EndGlobalSection
	GlobalSection(SolutionProperties) = preSolution
		HideSolutionNode = FALSE
	EndGlobalSection
	GlobalSection(ExtensibilityGlobals) = postSolution
		SolutionGuid = {0123E6CF-2112-4E90-96D6-299BA309BDD3}
	EndGlobalSection
EndGlobal
